
Microsoft Visual Studio Solution File, Format Version 12.00
# Visual Studio Version 17
VisualStudioVersion = 17.12.35527.113
MinimumVisualStudioVersion = 10.0.40219.1
Project("{FAE04EC0-301F-11D3-BF4B-00C04F79EFBC}") = "TotalOne.Api", "TotalOne.Api\TotalOne.Api.csproj", "{C2EE6E92-1A25-4FB6-B1BE-85658BB5F314}"
EndProject
Project("{2150E333-8FDC-42A3-9474-1A3956D46DE8}") = "Solution Items", "Solution Items", "{B997FF57-FD39-49F2-A379-6B3C78872001}"
	ProjectSection(SolutionItems) = preProject
		.editorconfig = .editorconfig
	EndProjectSection
EndProject
Project("{FAE04EC0-301F-11D3-BF4B-00C04F79EFBC}") = "TotalOne.Application", "TotalOne.Application\TotalOne.Application.csproj", "{F23443C5-44C6-4DCA-B3C9-25D07F175292}"
EndProject
Project("{FAE04EC0-301F-11D3-BF4B-00C04F79EFBC}") = "TotalOne.Domain", "TotalOne.Domain\TotalOne.Domain.csproj", "{67F12FD7-05D7-4184-AF97-11058AD3836F}"
EndProject
Project("{FAE04EC0-301F-11D3-BF4B-00C04F79EFBC}") = "TotalOne.Infrastructure", "TotalOne.Infrastructure\TotalOne.Infrastructure.csproj", "{AA4D5320-8BC7-4DB7-895D-BFE5F92BA971}"
EndProject
Project("{FAE04EC0-301F-11D3-BF4B-00C04F79EFBC}") = "TotalOne.IntegrationTests", "TotalOne.IntegrationTests\TotalOne.IntegrationTests.csproj", "{EB969AF2-D4EE-4C2C-93D2-49F81B93A801}"
EndProject
Global
	GlobalSection(SolutionConfigurationPlatforms) = preSolution
		Debug|Any CPU = Debug|Any CPU
		Release|Any CPU = Release|Any CPU
	EndGlobalSection
	GlobalSection(ProjectConfigurationPlatforms) = postSolution
		{C2EE6E92-1A25-4FB6-B1BE-85658BB5F314}.Debug|Any CPU.ActiveCfg = Debug|Any CPU
		{C2EE6E92-1A25-4FB6-B1BE-85658BB5F314}.Debug|Any CPU.Build.0 = Debug|Any CPU
		{C2EE6E92-1A25-4FB6-B1BE-85658BB5F314}.Release|Any CPU.ActiveCfg = Release|Any CPU
		{C2EE6E92-1A25-4FB6-B1BE-85658BB5F314}.Release|Any CPU.Build.0 = Release|Any CPU
		{F23443C5-44C6-4DCA-B3C9-25D07F175292}.Debug|Any CPU.ActiveCfg = Debug|Any CPU
		{F23443C5-44C6-4DCA-B3C9-25D07F175292}.Debug|Any CPU.Build.0 = Debug|Any CPU
		{F23443C5-44C6-4DCA-B3C9-25D07F175292}.Release|Any CPU.ActiveCfg = Release|Any CPU
		{F23443C5-44C6-4DCA-B3C9-25D07F175292}.Release|Any CPU.Build.0 = Release|Any CPU
		{67F12FD7-05D7-4184-AF97-11058AD3836F}.Debug|Any CPU.ActiveCfg = Debug|Any CPU
		{67F12FD7-05D7-4184-AF97-11058AD3836F}.Debug|Any CPU.Build.0 = Debug|Any CPU
		{67F12FD7-05D7-4184-AF97-11058AD3836F}.Release|Any CPU.ActiveCfg = Release|Any CPU
		{67F12FD7-05D7-4184-AF97-11058AD3836F}.Release|Any CPU.Build.0 = Release|Any CPU
		{AA4D5320-8BC7-4DB7-895D-BFE5F92BA971}.Debug|Any CPU.ActiveCfg = Debug|Any CPU
		{AA4D5320-8BC7-4DB7-895D-BFE5F92BA971}.Debug|Any CPU.Build.0 = Debug|Any CPU
		{AA4D5320-8BC7-4DB7-895D-BFE5F92BA971}.Release|Any CPU.ActiveCfg = Release|Any CPU
		{AA4D5320-8BC7-4DB7-895D-BFE5F92BA971}.Release|Any CPU.Build.0 = Release|Any CPU
		{EB969AF2-D4EE-4C2C-93D2-49F81B93A801}.Debug|Any CPU.ActiveCfg = Debug|Any CPU
		{EB969AF2-D4EE-4C2C-93D2-49F81B93A801}.Debug|Any CPU.Build.0 = Debug|Any CPU
		{EB969AF2-D4EE-4C2C-93D2-49F81B93A801}.Release|Any CPU.ActiveCfg = Release|Any CPU
		{EB969AF2-D4EE-4C2C-93D2-49F81B93A801}.Release|Any CPU.Build.0 = Release|Any CPU
	EndGlobalSection
	GlobalSection(SolutionProperties) = preSolution
		HideSolutionNode = FALSE
	EndGlobalSection
EndGlobal
